
Microsoft Visual Studio Solution File, Format Version 12.00
# Visual Studio Version 16
VisualStudioVersion = 16.0.33801.447
MinimumVisualStudioVersion = 10.0.40219.1
Project("{FAE04EC0-301F-11D3-BF4B-00C04F79EFBC}") = "WebApplication", "WebApplication\WebApplication.csproj", "{3E1E4C35-C998-4F46-9EE1-B4748260EF3D}"
EndProject
Project("{FAE04EC0-301F-11D3-BF4B-00C04F79EFBC}") = "HashingLibrary", "HashingLibrary\HashingLibrary.csproj", "{4030F241-21D3-4F2A-AA97-5A4A41A67B6C}"
EndProject
Global
	GlobalSection(SolutionConfigurationPlatforms) = preSolution
		Debug|Any CPU = Debug|Any CPU
		Release|Any CPU = Release|Any CPU
	EndGlobalSection
	GlobalSection(ProjectConfigurationPlatforms) = postSolution
		{3E1E4C35-C998-4F46-9EE1-B4748260EF3D}.Debug|Any CPU.ActiveCfg = Debug|Any CPU
		{3E1E4C35-C998-4F46-9EE1-B4748260EF3D}.Debug|Any CPU.Build.0 = Debug|Any CPU
		{3E1E4C35-C998-4F46-9EE1-B4748260EF3D}.Release|Any CPU.ActiveCfg = Release|Any CPU
		{3E1E4C35-C998-4F46-9EE1-B4748260EF3D}.Release|Any CPU.Build.0 = Release|Any CPU
		{4030F241-21D3-4F2A-AA97-5A4A41A67B6C}.Debug|Any CPU.ActiveCfg = Debug|Any CPU
		{4030F241-21D3-4F2A-AA97-5A4A41A67B6C}.Debug|Any CPU.Build.0 = Debug|Any CPU
		{4030F241-21D3-4F2A-AA97-5A4A41A67B6C}.Release|Any CPU.ActiveCfg = Release|Any CPU
		{4030F241-21D3-4F2A-AA97-5A4A41A67B6C}.Release|Any CPU.Build.0 = Release|Any CPU
	EndGlobalSection
	GlobalSection(SolutionProperties) = preSolution
		HideSolutionNode = FALSE
	EndGlobalSection
	GlobalSection(ExtensibilityGlobals) = postSolution
		SolutionGuid = {7A4B8BAF-CD98-42C3-8E00-2E155075E465}
	EndGlobalSection
EndGlobal
